
Microsoft Visual Studio Solution File, Format Version 12.00
# Visual Studio Version 17
VisualStudioVersion = 17.13.35919.96
MinimumVisualStudioVersion = 10.0.40219.1
Project("{FAE04EC0-301F-11D3-BF4B-00C04F79EFBC}") = "tildaBlog.Web", "tildaBlog.Web\tildaBlog.Web.csproj", "{798BBC56-E768-42B1-A767-2003A6DB7BAC}"
EndProject
Project("{FAE04EC0-301F-11D3-BF4B-00C04F79EFBC}") = "tildaBlog.DataLayer", "tildaBlog.DataLayer\tildaBlog.DataLayer.csproj", "{BFDB59D0-C6DB-4288-AE02-F613317C7E47}"
EndProject
Project("{FAE04EC0-301F-11D3-BF4B-00C04F79EFBC}") = "tildaBlog.CoreLayer", "tildaBlog.CoreLayer\tildaBlog.CoreLayer.csproj", "{681287D8-9153-4C34-A7E4-74FA982BF21B}"
EndProject
Global
	GlobalSection(SolutionConfigurationPlatforms) = preSolution
		Debug|Any CPU = Debug|Any CPU
		Release|Any CPU = Release|Any CPU
	EndGlobalSection
	GlobalSection(ProjectConfigurationPlatforms) = postSolution
		{798BBC56-E768-42B1-A767-2003A6DB7BAC}.Debug|Any CPU.ActiveCfg = Debug|Any CPU
		{798BBC56-E768-42B1-A767-2003A6DB7BAC}.Debug|Any CPU.Build.0 = Debug|Any CPU
		{798BBC56-E768-42B1-A767-2003A6DB7BAC}.Release|Any CPU.ActiveCfg = Release|Any CPU
		{798BBC56-E768-42B1-A767-2003A6DB7BAC}.Release|Any CPU.Build.0 = Release|Any CPU
		{BFDB59D0-C6DB-4288-AE02-F613317C7E47}.Debug|Any CPU.ActiveCfg = Debug|Any CPU
		{BFDB59D0-C6DB-4288-AE02-F613317C7E47}.Debug|Any CPU.Build.0 = Debug|Any CPU
		{BFDB59D0-C6DB-4288-AE02-F613317C7E47}.Release|Any CPU.ActiveCfg = Release|Any CPU
		{BFDB59D0-C6DB-4288-AE02-F613317C7E47}.Release|Any CPU.Build.0 = Release|Any CPU
		{681287D8-9153-4C34-A7E4-74FA982BF21B}.Debug|Any CPU.ActiveCfg = Debug|Any CPU
		{681287D8-9153-4C34-A7E4-74FA982BF21B}.Debug|Any CPU.Build.0 = Debug|Any CPU
		{681287D8-9153-4C34-A7E4-74FA982BF21B}.Release|Any CPU.ActiveCfg = Release|Any CPU
		{681287D8-9153-4C34-A7E4-74FA982BF21B}.Release|Any CPU.Build.0 = Release|Any CPU
	EndGlobalSection
	GlobalSection(SolutionProperties) = preSolution
		HideSolutionNode = FALSE
	EndGlobalSection
	GlobalSection(ExtensibilityGlobals) = postSolution
		SolutionGuid = {DFA4ADA0-2DCA-4B26-9F40-290C0AF6FFE8}
	EndGlobalSection
EndGlobal
